// !$*UTF8*$!
{
	archiveVersion = 1;
	classes = {
	};
	objectVersion = 55;
	objects = {

/* Begin PBXBuildFile section */
		EB27CBC5284F52EF008F89E9 /* Menu2TableViewCell.swift in Sources */ = {isa = PBXBuildFile; fileRef = EB27CBC4284F52EF008F89E9 /* Menu2TableViewCell.swift */; };
		EB27CBC7284F530C008F89E9 /* Menu2TableViewController.swift in Sources */ = {isa = PBXBuildFile; fileRef = EB27CBC6284F530C008F89E9 /* Menu2TableViewController.swift */; };
		EB27CBC92851D98E008F89E9 /* Menu3TableViewController.swift in Sources */ = {isa = PBXBuildFile; fileRef = EB27CBC82851D98E008F89E9 /* Menu3TableViewController.swift */; };
		EB27CBCB2851D9A1008F89E9 /* Menu3TableViewCell.swift in Sources */ = {isa = PBXBuildFile; fileRef = EB27CBCA2851D9A1008F89E9 /* Menu3TableViewCell.swift */; };
		EB27CBF528573060008F89E9 /* LoginViewController.swift in Sources */ = {isa = PBXBuildFile; fileRef = EB27CBF428573060008F89E9 /* LoginViewController.swift */; };
		EB27CBF72857308D008F89E9 /* RegisterViewController.swift in Sources */ = {isa = PBXBuildFile; fileRef = EB27CBF62857308D008F89E9 /* RegisterViewController.swift */; };
		EB27CBF9285730B1008F89E9 /* ResetViewController.swift in Sources */ = {isa = PBXBuildFile; fileRef = EB27CBF8285730B1008F89E9 /* ResetViewController.swift */; };
		EB27CBFB285733C1008F89E9 /* GoogleService-Info.plist in Resources */ = {isa = PBXBuildFile; fileRef = EB27CBFA285733C1008F89E9 /* GoogleService-Info.plist */; };
		EB27CBFE28573476008F89E9 /* FirebaseAnalytics in Frameworks */ = {isa = PBXBuildFile; productRef = EB27CBFD28573476008F89E9 /* FirebaseAnalytics */; };
		EB27CC0028573476008F89E9 /* FirebaseAnalyticsSwift in Frameworks */ = {isa = PBXBuildFile; productRef = EB27CBFF28573476008F89E9 /* FirebaseAnalyticsSwift */; };
		EB27CC0228573476008F89E9 /* FirebaseAuth in Frameworks */ = {isa = PBXBuildFile; productRef = EB27CC0128573476008F89E9 /* FirebaseAuth */; };
		EB27CC0428573476008F89E9 /* FirebaseAuthCombine-Community in Frameworks */ = {isa = PBXBuildFile; productRef = EB27CC0328573476008F89E9 /* FirebaseAuthCombine-Community */; };
		EB27CC0628573476008F89E9 /* FirebaseDatabase in Frameworks */ = {isa = PBXBuildFile; productRef = EB27CC0528573476008F89E9 /* FirebaseDatabase */; };
		EB27CC0828573476008F89E9 /* FirebaseDatabaseSwift in Frameworks */ = {isa = PBXBuildFile; productRef = EB27CC0728573476008F89E9 /* FirebaseDatabaseSwift */; };
		EB27CC0A28573476008F89E9 /* FirebaseFirestore in Frameworks */ = {isa = PBXBuildFile; productRef = EB27CC0928573476008F89E9 /* FirebaseFirestore */; };
		EB27CC0C28573476008F89E9 /* FirebaseFirestoreCombine-Community in Frameworks */ = {isa = PBXBuildFile; productRef = EB27CC0B28573476008F89E9 /* FirebaseFirestoreCombine-Community */; };
		EB27CC0E28573476008F89E9 /* FirebaseFirestoreSwift in Frameworks */ = {isa = PBXBuildFile; productRef = EB27CC0D28573476008F89E9 /* FirebaseFirestoreSwift */; };
		EB27CC1028573476008F89E9 /* FirebaseRemoteConfig in Frameworks */ = {isa = PBXBuildFile; productRef = EB27CC0F28573476008F89E9 /* FirebaseRemoteConfig */; };
		EB27CC1228573476008F89E9 /* FirebaseRemoteConfigSwift in Frameworks */ = {isa = PBXBuildFile; productRef = EB27CC1128573476008F89E9 /* FirebaseRemoteConfigSwift */; };
		EB27CC1428573476008F89E9 /* FirebaseStorage in Frameworks */ = {isa = PBXBuildFile; productRef = EB27CC1328573476008F89E9 /* FirebaseStorage */; };
		EB27CC1628573476008F89E9 /* FirebaseStorageCombine-Community in Frameworks */ = {isa = PBXBuildFile; productRef = EB27CC1528573476008F89E9 /* FirebaseStorageCombine-Community */; };
		EB27CC18285741CC008F89E9 /* DrinkTypeViewController.swift in Sources */ = {isa = PBXBuildFile; fileRef = EB27CC17285741CC008F89E9 /* DrinkTypeViewController.swift */; };
		EB9E3AEB2846016300734F37 /* AppDelegate.swift in Sources */ = {isa = PBXBuildFile; fileRef = EB9E3AEA2846016300734F37 /* AppDelegate.swift */; };
		EB9E3AED2846016300734F37 /* SceneDelegate.swift in Sources */ = {isa = PBXBuildFile; fileRef = EB9E3AEC2846016300734F37 /* SceneDelegate.swift */; };
		EB9E3AEF2846016300734F37 /* OrderDrinkViewController.swift in Sources */ = {isa = PBXBuildFile; fileRef = EB9E3AEE2846016300734F37 /* OrderDrinkViewController.swift */; };
		EB9E3AF22846016300734F37 /* Main.storyboard in Resources */ = {isa = PBXBuildFile; fileRef = EB9E3AF02846016300734F37 /* Main.storyboard */; };
		EB9E3AF42846016600734F37 /* Assets.xcassets in Resources */ = {isa = PBXBuildFile; fileRef = EB9E3AF32846016600734F37 /* Assets.xcassets */; };
		EB9E3AF72846016600734F37 /* LaunchScreen.storyboard in Resources */ = {isa = PBXBuildFile; fileRef = EB9E3AF52846016600734F37 /* LaunchScreen.storyboard */; };
		EB9E3AFF284735F300734F37 /* MenuTableViewController.swift in Sources */ = {isa = PBXBuildFile; fileRef = EB9E3AFE284735F300734F37 /* MenuTableViewController.swift */; };
		EB9E3B01284739DB00734F37 /* MenuTableViewCell.swift in Sources */ = {isa = PBXBuildFile; fileRef = EB9E3B00284739DB00734F37 /* MenuTableViewCell.swift */; };
		EB9E3B0328473A0A00734F37 /* Menu.swift in Sources */ = {isa = PBXBuildFile; fileRef = EB9E3B0228473A0A00734F37 /* Menu.swift */; };
		EB9E3B0528485E2300734F37 /* OrderDrinkTableViewCell.swift in Sources */ = {isa = PBXBuildFile; fileRef = EB9E3B0428485E2200734F37 /* OrderDrinkTableViewCell.swift */; };
		EB9E3B0728485E8D00734F37 /* OrdererTableViewCell.swift in Sources */ = {isa = PBXBuildFile; fileRef = EB9E3B0628485E8D00734F37 /* OrdererTableViewCell.swift */; };
		EB9E3B0928486A3700734F37 /* DrinkSection.swift in Sources */ = {isa = PBXBuildFile; fileRef = EB9E3B0828486A3700734F37 /* DrinkSection.swift */; };
		EB9E3B0B28487F7E00734F37 /* Order.swift in Sources */ = {isa = PBXBuildFile; fileRef = EB9E3B0A28487F7E00734F37 /* Order.swift */; };
		EB9E3B0D2848B58100734F37 /* OrderListTableViewCell.swift in Sources */ = {isa = PBXBuildFile; fileRef = EB9E3B0C2848B58100734F37 /* OrderListTableViewCell.swift */; };
		EB9E3B11284DEDA400734F37 /* OrderListTableViewController.swift in Sources */ = {isa = PBXBuildFile; fileRef = EB9E3B10284DEDA400734F37 /* OrderListTableViewController.swift */; };
/* End PBXBuildFile section */

/* Begin PBXFileReference section */
		EB27CBC4284F52EF008F89E9 /* Menu2TableViewCell.swift */ = {isa = PBXFileReference; lastKnownFileType = sourcecode.swift; path = Menu2TableViewCell.swift; sourceTree = "<group>"; };
		EB27CBC6284F530C008F89E9 /* Menu2TableViewController.swift */ = {isa = PBXFileReference; lastKnownFileType = sourcecode.swift; path = Menu2TableViewController.swift; sourceTree = "<group>"; };
		EB27CBC82851D98E008F89E9 /* Menu3TableViewController.swift */ = {isa = PBXFileReference; lastKnownFileType = sourcecode.swift; path = Menu3TableViewController.swift; sourceTree = "<group>"; };
		EB27CBCA2851D9A1008F89E9 /* Menu3TableViewCell.swift */ = {isa = PBXFileReference; lastKnownFileType = sourcecode.swift; path = Menu3TableViewCell.swift; sourceTree = "<group>"; };
		EB27CBF428573060008F89E9 /* LoginViewController.swift */ = {isa = PBXFileReference; lastKnownFileType = sourcecode.swift; path = LoginViewController.swift; sourceTree = "<group>"; };
		EB27CBF62857308D008F89E9 /* RegisterViewController.swift */ = {isa = PBXFileReference; lastKnownFileType = sourcecode.swift; path = RegisterViewController.swift; sourceTree = "<group>"; };
		EB27CBF8285730B1008F89E9 /* ResetViewController.swift */ = {isa = PBXFileReference; lastKnownFileType = sourcecode.swift; path = ResetViewController.swift; sourceTree = "<group>"; };
		EB27CBFA285733C1008F89E9 /* GoogleService-Info.plist */ = {isa = PBXFileReference; fileEncoding = 4; lastKnownFileType = text.plist.xml; path = "GoogleService-Info.plist"; sourceTree = "<group>"; };
		EB27CC17285741CC008F89E9 /* DrinkTypeViewController.swift */ = {isa = PBXFileReference; lastKnownFileType = sourcecode.swift; path = DrinkTypeViewController.swift; sourceTree = "<group>"; };
		EB9E3AE72846016300734F37 /* StuckDrinkiApp.app */ = {isa = PBXFileReference; explicitFileType = wrapper.application; includeInIndex = 0; path = StuckDrinkiApp.app; sourceTree = BUILT_PRODUCTS_DIR; };
		EB9E3AEA2846016300734F37 /* AppDelegate.swift */ = {isa = PBXFileReference; lastKnownFileType = sourcecode.swift; path = AppDelegate.swift; sourceTree = "<group>"; };
		EB9E3AEC2846016300734F37 /* SceneDelegate.swift */ = {isa = PBXFileReference; lastKnownFileType = sourcecode.swift; path = SceneDelegate.swift; sourceTree = "<group>"; };
		EB9E3AEE2846016300734F37 /* OrderDrinkViewController.swift */ = {isa = PBXFileReference; lastKnownFileType = sourcecode.swift; path = OrderDrinkViewController.swift; sourceTree = "<group>"; };
		EB9E3AF12846016300734F37 /* Base */ = {isa = PBXFileReference; lastKnownFileType = file.storyboard; name = Base; path = Base.lproj/Main.storyboard; sourceTree = "<group>"; };
		EB9E3AF32846016600734F37 /* Assets.xcassets */ = {isa = PBXFileReference; lastKnownFileType = folder.assetcatalog; path = Assets.xcassets; sourceTree = "<group>"; };
		EB9E3AF62846016600734F37 /* Base */ = {isa = PBXFileReference; lastKnownFileType = file.storyboard; name = Base; path = Base.lproj/LaunchScreen.storyboard; sourceTree = "<group>"; };
		EB9E3AF82846016600734F37 /* Info.plist */ = {isa = PBXFileReference; lastKnownFileType = text.plist.xml; path = Info.plist; sourceTree = "<group>"; };
		EB9E3AFE284735F300734F37 /* MenuTableViewController.swift */ = {isa = PBXFileReference; lastKnownFileType = sourcecode.swift; path = MenuTableViewController.swift; sourceTree = "<group>"; };
		EB9E3B00284739DB00734F37 /* MenuTableViewCell.swift */ = {isa = PBXFileReference; lastKnownFileType = sourcecode.swift; path = MenuTableViewCell.swift; sourceTree = "<group>"; };
		EB9E3B0228473A0A00734F37 /* Menu.swift */ = {isa = PBXFileReference; lastKnownFileType = sourcecode.swift; path = Menu.swift; sourceTree = "<group>"; };
		EB9E3B0428485E2200734F37 /* OrderDrinkTableViewCell.swift */ = {isa = PBXFileReference; lastKnownFileType = sourcecode.swift; path = OrderDrinkTableViewCell.swift; sourceTree = "<group>"; };
		EB9E3B0628485E8D00734F37 /* OrdererTableViewCell.swift */ = {isa = PBXFileReference; lastKnownFileType = sourcecode.swift; path = OrdererTableViewCell.swift; sourceTree = "<group>"; };
		EB9E3B0828486A3700734F37 /* DrinkSection.swift */ = {isa = PBXFileReference; lastKnownFileType = sourcecode.swift; path = DrinkSection.swift; sourceTree = "<group>"; };
		EB9E3B0A28487F7E00734F37 /* Order.swift */ = {isa = PBXFileReference; lastKnownFileType = sourcecode.swift; path = Order.swift; sourceTree = "<group>"; };
		EB9E3B0C2848B58100734F37 /* OrderListTableViewCell.swift */ = {isa = PBXFileReference; lastKnownFileType = sourcecode.swift; path = OrderListTableViewCell.swift; sourceTree = "<group>"; };
		EB9E3B10284DEDA400734F37 /* OrderListTableViewController.swift */ = {isa = PBXFileReference; lastKnownFileType = sourcecode.swift; path = OrderListTableViewController.swift; sourceTree = "<group>"; };
/* End PBXFileReference section */

/* Begin PBXFrameworksBuildPhase section */
		EB9E3AE42846016300734F37 /* Frameworks */ = {
			isa = PBXFrameworksBuildPhase;
			buildActionMask = 2147483647;
			files = (
				EB27CC0828573476008F89E9 /* FirebaseDatabaseSwift in Frameworks */,
				EB27CC0C28573476008F89E9 /* FirebaseFirestoreCombine-Community in Frameworks */,
				EB27CC0628573476008F89E9 /* FirebaseDatabase in Frameworks */,
				EB27CC1628573476008F89E9 /* FirebaseStorageCombine-Community in Frameworks */,
				EB27CC0028573476008F89E9 /* FirebaseAnalyticsSwift in Frameworks */,
				EB27CC0228573476008F89E9 /* FirebaseAuth in Frameworks */,
				EB27CC1428573476008F89E9 /* FirebaseStorage in Frameworks */,
				EB27CC1228573476008F89E9 /* FirebaseRemoteConfigSwift in Frameworks */,
				EB27CBFE28573476008F89E9 /* FirebaseAnalytics in Frameworks */,
				EB27CC0428573476008F89E9 /* FirebaseAuthCombine-Community in Frameworks */,
				EB27CC0A28573476008F89E9 /* FirebaseFirestore in Frameworks */,
				EB27CC0E28573476008F89E9 /* FirebaseFirestoreSwift in Frameworks */,
				EB27CC1028573476008F89E9 /* FirebaseRemoteConfig in Frameworks */,
			);
			runOnlyForDeploymentPostprocessing = 0;
		};
/* End PBXFrameworksBuildPhase section */

/* Begin PBXGroup section */
		EB9E3ADE2846016300734F37 = {
			isa = PBXGroup;
			children = (
				EBF8DF692858629B0086E142 /* JSONDATA */,
				EBF8DF66285861A50086E142 /* MeunDrinkController */,
				EBF8DF682858625A0086E142 /* DrinkController */,
				EBF8DF672858621F0086E142 /* TableViewCell */,
				EB9E3AE92846016300734F37 /* StuckDrinkiApp */,
				EB9E3AE82846016300734F37 /* Products */,
			);
			sourceTree = "<group>";
		};
		EB9E3AE82846016300734F37 /* Products */ = {
			isa = PBXGroup;
			children = (
				EB9E3AE72846016300734F37 /* StuckDrinkiApp.app */,
			);
			name = Products;
			sourceTree = "<group>";
		};
		EB9E3AE92846016300734F37 /* StuckDrinkiApp */ = {
			isa = PBXGroup;
			children = (
				EB27CBF428573060008F89E9 /* LoginViewController.swift */,
				EB27CBF62857308D008F89E9 /* RegisterViewController.swift */,
				EB27CBF8285730B1008F89E9 /* ResetViewController.swift */,
				EB9E3AEA2846016300734F37 /* AppDelegate.swift */,
				EB9E3AEC2846016300734F37 /* SceneDelegate.swift */,
				EB9E3AF02846016300734F37 /* Main.storyboard */,
				EB9E3AF32846016600734F37 /* Assets.xcassets */,
				EB9E3AF52846016600734F37 /* LaunchScreen.storyboard */,
				EB9E3AF82846016600734F37 /* Info.plist */,
				EB27CBFA285733C1008F89E9 /* GoogleService-Info.plist */,
			);
			path = StuckDrinkiApp;
			sourceTree = "<group>";
		};
		EBF8DF66285861A50086E142 /* MeunDrinkController */ = {
			isa = PBXGroup;
			children = (
				EB9E3AFE284735F300734F37 /* MenuTableViewController.swift */,
				EB27CBC6284F530C008F89E9 /* Menu2TableViewController.swift */,
				EB27CBC82851D98E008F89E9 /* Menu3TableViewController.swift */,
			);
			path = MeunDrinkController;
			sourceTree = "<group>";
		};
		EBF8DF672858621F0086E142 /* TableViewCell */ = {
			isa = PBXGroup;
			children = (
				EB9E3B00284739DB00734F37 /* MenuTableViewCell.swift */,
				EB27CBC4284F52EF008F89E9 /* Menu2TableViewCell.swift */,
				EB27CBCA2851D9A1008F89E9 /* Menu3TableViewCell.swift */,
				EB9E3B0428485E2200734F37 /* OrderDrinkTableViewCell.swift */,
				EB9E3B0628485E8D00734F37 /* OrdererTableViewCell.swift */,
				EB9E3B0C2848B58100734F37 /* OrderListTableViewCell.swift */,
			);
			path = TableViewCell;
			sourceTree = "<group>";
		};
		EBF8DF682858625A0086E142 /* DrinkController */ = {
			isa = PBXGroup;
			children = (
				EB9E3B10284DEDA400734F37 /* OrderListTableViewController.swift */,
				EB27CC17285741CC008F89E9 /* DrinkTypeViewController.swift */,
				EB9E3AEE2846016300734F37 /* OrderDrinkViewController.swift */,
			);
			path = DrinkController;
			sourceTree = "<group>";
		};
		EBF8DF692858629B0086E142 /* JSONDATA */ = {
			isa = PBXGroup;
			children = (
				EB9E3B0828486A3700734F37 /* DrinkSection.swift */,
				EB9E3B0228473A0A00734F37 /* Menu.swift */,
				EB9E3B0A28487F7E00734F37 /* Order.swift */,
			);
			path = JSONDATA;
			sourceTree = "<group>";
		};
/* End PBXGroup section */

/* Begin PBXNativeTarget section */
		EB9E3AE62846016300734F37 /* StuckDrinkiApp */ = {
			isa = PBXNativeTarget;
			buildConfigurationList = EB9E3AFB2846016600734F37 /* Build configuration list for PBXNativeTarget "StuckDrinkiApp" */;
			buildPhases = (
				EB9E3AE32846016300734F37 /* Sources */,
				EB9E3AE42846016300734F37 /* Frameworks */,
				EB9E3AE52846016300734F37 /* Resources */,
			);
			buildRules = (
			);
			dependencies = (
			);
			name = StuckDrinkiApp;
			packageProductDependencies = (
				EB27CBFD28573476008F89E9 /* FirebaseAnalytics */,
				EB27CBFF28573476008F89E9 /* FirebaseAnalyticsSwift */,
				EB27CC0128573476008F89E9 /* FirebaseAuth */,
				EB27CC0328573476008F89E9 /* FirebaseAuthCombine-Community */,
				EB27CC0528573476008F89E9 /* FirebaseDatabase */,
				EB27CC0728573476008F89E9 /* FirebaseDatabaseSwift */,
				EB27CC0928573476008F89E9 /* FirebaseFirestore */,
				EB27CC0B28573476008F89E9 /* FirebaseFirestoreCombine-Community */,
				EB27CC0D28573476008F89E9 /* FirebaseFirestoreSwift */,
				EB27CC0F28573476008F89E9 /* FirebaseRemoteConfig */,
				EB27CC1128573476008F89E9 /* FirebaseRemoteConfigSwift */,
				EB27CC1328573476008F89E9 /* FirebaseStorage */,
				EB27CC1528573476008F89E9 /* FirebaseStorageCombine-Community */,
			);
			productName = StuckDrinkiApp;
			productReference = EB9E3AE72846016300734F37 /* StuckDrinkiApp.app */;
			productType = "com.apple.product-type.application";
		};
/* End PBXNativeTarget section */

/* Begin PBXProject section */
		EB9E3ADF2846016300734F37 /* Project object */ = {
			isa = PBXProject;
			attributes = {
				BuildIndependentTargetsInParallel = 1;
				LastSwiftUpdateCheck = 1330;
				LastUpgradeCheck = 1330;
				TargetAttributes = {
					EB9E3AE62846016300734F37 = {
						CreatedOnToolsVersion = 13.3;
					};
				};
			};
			buildConfigurationList = EB9E3AE22846016300734F37 /* Build configuration list for PBXProject "StuckDrinkiApp" */;
			compatibilityVersion = "Xcode 13.0";
			developmentRegion = en;
			hasScannedForEncodings = 0;
			knownRegions = (
				en,
				Base,
			);
			mainGroup = EB9E3ADE2846016300734F37;
			packageReferences = (
				EB27CBFC28573476008F89E9 /* XCRemoteSwiftPackageReference "firebase-ios-sdk" */,
			);
			productRefGroup = EB9E3AE82846016300734F37 /* Products */;
			projectDirPath = "";
			projectRoot = "";
			targets = (
				EB9E3AE62846016300734F37 /* StuckDrinkiApp */,
			);
		};
/* End PBXProject section */

/* Begin PBXResourcesBuildPhase section */
		EB9E3AE52846016300734F37 /* Resources */ = {
			isa = PBXResourcesBuildPhase;
			buildActionMask = 2147483647;
			files = (
				EB9E3AF72846016600734F37 /* LaunchScreen.storyboard in Resources */,
				EB27CBFB285733C1008F89E9 /* GoogleService-Info.plist in Resources */,
				EB9E3AF42846016600734F37 /* Assets.xcassets in Resources */,
				EB9E3AF22846016300734F37 /* Main.storyboard in Resources */,
			);
			runOnlyForDeploymentPostprocessing = 0;
		};
/* End PBXResourcesBuildPhase section */

/* Begin PBXSourcesBuildPhase section */
		EB9E3AE32846016300734F37 /* Sources */ = {
			isa = PBXSourcesBuildPhase;
			buildActionMask = 2147483647;
			files = (
				EB9E3B0328473A0A00734F37 /* Menu.swift in Sources */,
				EB9E3B0528485E2300734F37 /* OrderDrinkTableViewCell.swift in Sources */,
				EB9E3B0B28487F7E00734F37 /* Order.swift in Sources */,
				EB9E3AFF284735F300734F37 /* MenuTableViewController.swift in Sources */,
				EB9E3B0728485E8D00734F37 /* OrdererTableViewCell.swift in Sources */,
				EB9E3AEF2846016300734F37 /* OrderDrinkViewController.swift in Sources */,
				EB9E3AEB2846016300734F37 /* AppDelegate.swift in Sources */,
				EB9E3B11284DEDA400734F37 /* OrderListTableViewController.swift in Sources */,
				EB9E3AED2846016300734F37 /* SceneDelegate.swift in Sources */,
				EB27CBF72857308D008F89E9 /* RegisterViewController.swift in Sources */,
				EB27CBF9285730B1008F89E9 /* ResetViewController.swift in Sources */,
				EB9E3B01284739DB00734F37 /* MenuTableViewCell.swift in Sources */,
				EB27CBC5284F52EF008F89E9 /* Menu2TableViewCell.swift in Sources */,
				EB27CC18285741CC008F89E9 /* DrinkTypeViewController.swift in Sources */,
				EB9E3B0928486A3700734F37 /* DrinkSection.swift in Sources */,
				EB27CBC92851D98E008F89E9 /* Menu3TableViewController.swift in Sources */,
				EB27CBF528573060008F89E9 /* LoginViewController.swift in Sources */,
				EB9E3B0D2848B58100734F37 /* OrderListTableViewCell.swift in Sources */,
				EB27CBCB2851D9A1008F89E9 /* Menu3TableViewCell.swift in Sources */,
				EB27CBC7284F530C008F89E9 /* Menu2TableViewController.swift in Sources */,
			);
			runOnlyForDeploymentPostprocessing = 0;
		};
/* End PBXSourcesBuildPhase section */

/* Begin PBXVariantGroup section */
		EB9E3AF02846016300734F37 /* Main.storyboard */ = {
			isa = PBXVariantGroup;
			children = (
				EB9E3AF12846016300734F37 /* Base */,
			);
			name = Main.storyboard;
			sourceTree = "<group>";
		};
		EB9E3AF52846016600734F37 /* LaunchScreen.storyboard */ = {
			isa = PBXVariantGroup;
			children = (
				EB9E3AF62846016600734F37 /* Base */,
			);
			name = LaunchScreen.storyboard;
			sourceTree = "<group>";
		};
/* End PBXVariantGroup section */

/* Begin XCBuildConfiguration section */
		EB9E3AF92846016600734F37 /* Debug */ = {
			isa = XCBuildConfiguration;
			buildSettings = {
				ALWAYS_SEARCH_USER_PATHS = NO;
				CLANG_ANALYZER_NONNULL = YES;
				CLANG_ANALYZER_NUMBER_OBJECT_CONVERSION = YES_AGGRESSIVE;
				CLANG_CXX_LANGUAGE_STANDARD = "gnu++17";
				CLANG_ENABLE_MODULES = YES;
				CLANG_ENABLE_OBJC_ARC = YES;
				CLANG_ENABLE_OBJC_WEAK = YES;
				CLANG_WARN_BLOCK_CAPTURE_AUTORELEASING = YES;
				CLANG_WARN_BOOL_CONVERSION = YES;
				CLANG_WARN_COMMA = YES;
				CLANG_WARN_CONSTANT_CONVERSION = YES;
				CLANG_WARN_DEPRECATED_OBJC_IMPLEMENTATIONS = YES;
				CLANG_WARN_DIRECT_OBJC_ISA_USAGE = YES_ERROR;
				CLANG_WARN_DOCUMENTATION_COMMENTS = YES;
				CLANG_WARN_EMPTY_BODY = YES;
				CLANG_WARN_ENUM_CONVERSION = YES;
				CLANG_WARN_INFINITE_RECURSION = YES;
				CLANG_WARN_INT_CONVERSION = YES;
				CLANG_WARN_NON_LITERAL_NULL_CONVERSION = YES;
				CLANG_WARN_OBJC_IMPLICIT_RETAIN_SELF = YES;
				CLANG_WARN_OBJC_LITERAL_CONVERSION = YES;
				CLANG_WARN_OBJC_ROOT_CLASS = YES_ERROR;
				CLANG_WARN_QUOTED_INCLUDE_IN_FRAMEWORK_HEADER = YES;
				CLANG_WARN_RANGE_LOOP_ANALYSIS = YES;
				CLANG_WARN_STRICT_PROTOTYPES = YES;
				CLANG_WARN_SUSPICIOUS_MOVE = YES;
				CLANG_WARN_UNGUARDED_AVAILABILITY = YES_AGGRESSIVE;
				CLANG_WARN_UNREACHABLE_CODE = YES;
				CLANG_WARN__DUPLICATE_METHOD_MATCH = YES;
				COPY_PHASE_STRIP = NO;
				DEBUG_INFORMATION_FORMAT = dwarf;
				ENABLE_STRICT_OBJC_MSGSEND = YES;
				ENABLE_TESTABILITY = YES;
				GCC_C_LANGUAGE_STANDARD = gnu11;
				GCC_DYNAMIC_NO_PIC = NO;
				GCC_NO_COMMON_BLOCKS = YES;
				GCC_OPTIMIZATION_LEVEL = 0;
				GCC_PREPROCESSOR_DEFINITIONS = (
					"DEBUG=1",
					"$(inherited)",
				);
				GCC_WARN_64_TO_32_BIT_CONVERSION = YES;
				GCC_WARN_ABOUT_RETURN_TYPE = YES_ERROR;
				GCC_WARN_UNDECLARED_SELECTOR = YES;
				GCC_WARN_UNINITIALIZED_AUTOS = YES_AGGRESSIVE;
				GCC_WARN_UNUSED_FUNCTION = YES;
				GCC_WARN_UNUSED_VARIABLE = YES;
				IPHONEOS_DEPLOYMENT_TARGET = 15.4;
				MTL_ENABLE_DEBUG_INFO = INCLUDE_SOURCE;
				MTL_FAST_MATH = YES;
				ONLY_ACTIVE_ARCH = YES;
				SDKROOT = iphoneos;
				SWIFT_ACTIVE_COMPILATION_CONDITIONS = DEBUG;
				SWIFT_OPTIMIZATION_LEVEL = "-Onone";
			};
			name = Debug;
		};
		EB9E3AFA2846016600734F37 /* Release */ = {
			isa = XCBuildConfiguration;
			buildSettings = {
				ALWAYS_SEARCH_USER_PATHS = NO;
				CLANG_ANALYZER_NONNULL = YES;
				CLANG_ANALYZER_NUMBER_OBJECT_CONVERSION = YES_AGGRESSIVE;
				CLANG_CXX_LANGUAGE_STANDARD = "gnu++17";
				CLANG_ENABLE_MODULES = YES;
				CLANG_ENABLE_OBJC_ARC = YES;
				CLANG_ENABLE_OBJC_WEAK = YES;
				CLANG_WARN_BLOCK_CAPTURE_AUTORELEASING = YES;
				CLANG_WARN_BOOL_CONVERSION = YES;
				CLANG_WARN_COMMA = YES;
				CLANG_WARN_CONSTANT_CONVERSION = YES;
				CLANG_WARN_DEPRECATED_OBJC_IMPLEMENTATIONS = YES;
				CLANG_WARN_DIRECT_OBJC_ISA_USAGE = YES_ERROR;
				CLANG_WARN_DOCUMENTATION_COMMENTS = YES;
				CLANG_WARN_EMPTY_BODY = YES;
				CLANG_WARN_ENUM_CONVERSION = YES;
				CLANG_WARN_INFINITE_RECURSION = YES;
				CLANG_WARN_INT_CONVERSION = YES;
				CLANG_WARN_NON_LITERAL_NULL_CONVERSION = YES;
				CLANG_WARN_OBJC_IMPLICIT_RETAIN_SELF = YES;
				CLANG_WARN_OBJC_LITERAL_CONVERSION = YES;
				CLANG_WARN_OBJC_ROOT_CLASS = YES_ERROR;
				CLANG_WARN_QUOTED_INCLUDE_IN_FRAMEWORK_HEADER = YES;
				CLANG_WARN_RANGE_LOOP_ANALYSIS = YES;
				CLANG_WARN_STRICT_PROTOTYPES = YES;
				CLANG_WARN_SUSPICIOUS_MOVE = YES;
				CLANG_WARN_UNGUARDED_AVAILABILITY = YES_AGGRESSIVE;
				CLANG_WARN_UNREACHABLE_CODE = YES;
				CLANG_WARN__DUPLICATE_METHOD_MATCH = YES;
				COPY_PHASE_STRIP = NO;
				DEBUG_INFORMATION_FORMAT = "dwarf-with-dsym";
				ENABLE_NS_ASSERTIONS = NO;
				ENABLE_STRICT_OBJC_MSGSEND = YES;
				GCC_C_LANGUAGE_STANDARD = gnu11;
				GCC_NO_COMMON_BLOCKS = YES;
				GCC_WARN_64_TO_32_BIT_CONVERSION = YES;
				GCC_WARN_ABOUT_RETURN_TYPE = YES_ERROR;
				GCC_WARN_UNDECLARED_SELECTOR = YES;
				GCC_WARN_UNINITIALIZED_AUTOS = YES_AGGRESSIVE;
				GCC_WARN_UNUSED_FUNCTION = YES;
				GCC_WARN_UNUSED_VARIABLE = YES;
				IPHONEOS_DEPLOYMENT_TARGET = 15.4;
				MTL_ENABLE_DEBUG_INFO = NO;
				MTL_FAST_MATH = YES;
				SDKROOT = iphoneos;
				SWIFT_COMPILATION_MODE = wholemodule;
				SWIFT_OPTIMIZATION_LEVEL = "-O";
				VALIDATE_PRODUCT = YES;
			};
			name = Release;
		};
		EB9E3AFC2846016600734F37 /* Debug */ = {
			isa = XCBuildConfiguration;
			buildSettings = {
				ASSETCATALOG_COMPILER_APPICON_NAME = AppIcon;
				ASSETCATALOG_COMPILER_GLOBAL_ACCENT_COLOR_NAME = AccentColor;
				CODE_SIGN_STYLE = Automatic;
				CURRENT_PROJECT_VERSION = 1;
				DEVELOPMENT_TEAM = FVM2G4KH5N;
				GENERATE_INFOPLIST_FILE = YES;
				INFOPLIST_FILE = StuckDrinkiApp/Info.plist;
				INFOPLIST_KEY_UIApplicationSupportsIndirectInputEvents = YES;
				INFOPLIST_KEY_UILaunchStoryboardName = LaunchScreen;
				INFOPLIST_KEY_UIMainStoryboardFile = Main;
				INFOPLIST_KEY_UISupportedInterfaceOrientations_iPad = "UIInterfaceOrientationPortrait UIInterfaceOrientationPortraitUpsideDown UIInterfaceOrientationLandscapeLeft UIInterfaceOrientationLandscapeRight";
				INFOPLIST_KEY_UISupportedInterfaceOrientations_iPhone = "UIInterfaceOrientationPortrait UIInterfaceOrientationLandscapeLeft UIInterfaceOrientationLandscapeRight";
				LD_RUNPATH_SEARCH_PATHS = (
					"$(inherited)",
					"@executable_path/Frameworks",
				);
				MARKETING_VERSION = 1.0;
				PRODUCT_BUNDLE_IDENTIFIER = Jim.com.StuckDrinkiApp;
				PRODUCT_NAME = "$(TARGET_NAME)";
				SWIFT_EMIT_LOC_STRINGS = YES;
				SWIFT_VERSION = 5.0;
				TARGETED_DEVICE_FAMILY = "1,2";
			};
			name = Debug;
		};
		EB9E3AFD2846016600734F37 /* Release */ = {
			isa = XCBuildConfiguration;
			buildSettings = {
				ASSETCATALOG_COMPILER_APPICON_NAME = AppIcon;
				ASSETCATALOG_COMPILER_GLOBAL_ACCENT_COLOR_NAME = AccentColor;
				CODE_SIGN_STYLE = Automatic;
				CURRENT_PROJECT_VERSION = 1;
				DEVELOPMENT_TEAM = FVM2G4KH5N;
				GENERATE_INFOPLIST_FILE = YES;
				INFOPLIST_FILE = StuckDrinkiApp/Info.plist;
				INFOPLIST_KEY_UIApplicationSupportsIndirectInputEvents = YES;
				INFOPLIST_KEY_UILaunchStoryboardName = LaunchScreen;
				INFOPLIST_KEY_UIMainStoryboardFile = Main;
				INFOPLIST_KEY_UISupportedInterfaceOrientations_iPad = "UIInterfaceOrientationPortrait UIInterfaceOrientationPortraitUpsideDown UIInterfaceOrientationLandscapeLeft UIInterfaceOrientationLandscapeRight";
				INFOPLIST_KEY_UISupportedInterfaceOrientations_iPhone = "UIInterfaceOrientationPortrait UIInterfaceOrientationLandscapeLeft UIInterfaceOrientationLandscapeRight";
				LD_RUNPATH_SEARCH_PATHS = (
					"$(inherited)",
					"@executable_path/Frameworks",
				);
				MARKETING_VERSION = 1.0;
				PRODUCT_BUNDLE_IDENTIFIER = Jim.com.StuckDrinkiApp;
				PRODUCT_NAME = "$(TARGET_NAME)";
				SWIFT_EMIT_LOC_STRINGS = YES;
				SWIFT_VERSION = 5.0;
				TARGETED_DEVICE_FAMILY = "1,2";
			};
			name = Release;
		};
/* End XCBuildConfiguration section */

/* Begin XCConfigurationList section */
		EB9E3AE22846016300734F37 /* Build configuration list for PBXProject "StuckDrinkiApp" */ = {
			isa = XCConfigurationList;
			buildConfigurations = (
				EB9E3AF92846016600734F37 /* Debug */,
				EB9E3AFA2846016600734F37 /* Release */,
			);
			defaultConfigurationIsVisible = 0;
			defaultConfigurationName = Release;
		};
		EB9E3AFB2846016600734F37 /* Build configuration list for PBXNativeTarget "StuckDrinkiApp" */ = {
			isa = XCConfigurationList;
			buildConfigurations = (
				EB9E3AFC2846016600734F37 /* Debug */,
				EB9E3AFD2846016600734F37 /* Release */,
			);
			defaultConfigurationIsVisible = 0;
			defaultConfigurationName = Release;
		};
/* End XCConfigurationList section */

/* Begin XCRemoteSwiftPackageReference section */
		EB27CBFC28573476008F89E9 /* XCRemoteSwiftPackageReference "firebase-ios-sdk" */ = {
			isa = XCRemoteSwiftPackageReference;
			repositoryURL = "https://github.com/firebase/firebase-ios-sdk.git";
			requirement = {
				kind = upToNextMajorVersion;
				minimumVersion = 9.0.0;
			};
		};
/* End XCRemoteSwiftPackageReference section */

/* Begin XCSwiftPackageProductDependency section */
		EB27CBFD28573476008F89E9 /* FirebaseAnalytics */ = {
			isa = XCSwiftPackageProductDependency;
			package = EB27CBFC28573476008F89E9 /* XCRemoteSwiftPackageReference "firebase-ios-sdk" */;
			productName = FirebaseAnalytics;
		};
		EB27CBFF28573476008F89E9 /* FirebaseAnalyticsSwift */ = {
			isa = XCSwiftPackageProductDependency;
			package = EB27CBFC28573476008F89E9 /* XCRemoteSwiftPackageReference "firebase-ios-sdk" */;
			productName = FirebaseAnalyticsSwift;
		};
		EB27CC0128573476008F89E9 /* FirebaseAuth */ = {
			isa = XCSwiftPackageProductDependency;
			package = EB27CBFC28573476008F89E9 /* XCRemoteSwiftPackageReference "firebase-ios-sdk" */;
			productName = FirebaseAuth;
		};
		EB27CC0328573476008F89E9 /* FirebaseAuthCombine-Community */ = {
			isa = XCSwiftPackageProductDependency;
			package = EB27CBFC28573476008F89E9 /* XCRemoteSwiftPackageReference "firebase-ios-sdk" */;
			productName = "FirebaseAuthCombine-Community";
		};
		EB27CC0528573476008F89E9 /* FirebaseDatabase */ = {
			isa = XCSwiftPackageProductDependency;
			package = EB27CBFC28573476008F89E9 /* XCRemoteSwiftPackageReference "firebase-ios-sdk" */;
			productName = FirebaseDatabase;
		};
		EB27CC0728573476008F89E9 /* FirebaseDatabaseSwift */ = {
			isa = XCSwiftPackageProductDependency;
			package = EB27CBFC28573476008F89E9 /* XCRemoteSwiftPackageReference "firebase-ios-sdk" */;
			productName = FirebaseDatabaseSwift;
		};
		EB27CC0928573476008F89E9 /* FirebaseFirestore */ = {
			isa = XCSwiftPackageProductDependency;
			package = EB27CBFC28573476008F89E9 /* XCRemoteSwiftPackageReference "firebase-ios-sdk" */;
			productName = FirebaseFirestore;
		};
		EB27CC0B28573476008F89E9 /* FirebaseFirestoreCombine-Community */ = {
			isa = XCSwiftPackageProductDependency;
			package = EB27CBFC28573476008F89E9 /* XCRemoteSwiftPackageReference "firebase-ios-sdk" */;
			productName = "FirebaseFirestoreCombine-Community";
		};
		EB27CC0D28573476008F89E9 /* FirebaseFirestoreSwift */ = {
			isa = XCSwiftPackageProductDependency;
			package = EB27CBFC28573476008F89E9 /* XCRemoteSwiftPackageReference "firebase-ios-sdk" */;
			productName = FirebaseFirestoreSwift;
		};
		EB27CC0F28573476008F89E9 /* FirebaseRemoteConfig */ = {
			isa = XCSwiftPackageProductDependency;
			package = EB27CBFC28573476008F89E9 /* XCRemoteSwiftPackageReference "firebase-ios-sdk" */;
			productName = FirebaseRemoteConfig;
		};
		EB27CC1128573476008F89E9 /* FirebaseRemoteConfigSwift */ = {
			isa = XCSwiftPackageProductDependency;
			package = EB27CBFC28573476008F89E9 /* XCRemoteSwiftPackageReference "firebase-ios-sdk" */;
			productName = FirebaseRemoteConfigSwift;
		};
		EB27CC1328573476008F89E9 /* FirebaseStorage */ = {
			isa = XCSwiftPackageProductDependency;
			package = EB27CBFC28573476008F89E9 /* XCRemoteSwiftPackageReference "firebase-ios-sdk" */;
			productName = FirebaseStorage;
		};
		EB27CC1528573476008F89E9 /* FirebaseStorageCombine-Community */ = {
			isa = XCSwiftPackageProductDependency;
			package = EB27CBFC28573476008F89E9 /* XCRemoteSwiftPackageReference "firebase-ios-sdk" */;
			productName = "FirebaseStorageCombine-Community";
		};
/* End XCSwiftPackageProductDependency section */
	};
	rootObject = EB9E3ADF2846016300734F37 /* Project object */;
}
